
Microsoft Visual Studio Solution File, Format Version 12.00
# Visual Studio 15
VisualStudioVersion = 15.0.28307.1800
MinimumVisualStudioVersion = 10.0.40219.1
Project("{FAE04EC0-301F-11D3-BF4B-00C04F79EFBC}") = "Label-Textbox-Messagebox", "practices2\Label-Textbox-Messagebox.csproj", "{B60CAFC4-FCD3-40D8-AB54-CD8209EE45CC}"
EndProject
Project("{FAE04EC0-301F-11D3-BF4B-00C04F79EFBC}") = "Combobox-Listbox", "Combobox-Listbox\Combobox-Listbox.csproj", "{90CACF44-AA66-45D4-9C71-3321EC21BF9B}"
EndProject
Project("{FAE04EC0-301F-11D3-BF4B-00C04F79EFBC}") = "Maskedtextbox-Picturebox-Datetimepicker", "Makedtextbox-Picturebox-Datetimepicker\Maskedtextbox-Picturebox-Datetimepicker.csproj", "{32C6B166-CF6F-45AB-8A1F-3FA4BD067FD4}"
EndProject
Project("{FAE04EC0-301F-11D3-BF4B-00C04F79EFBC}") = "Checkbox-Radiobutton-Richtextbox-Groupbox-Panel", "Checkbox-Radiobutton-Richtextbox-Groupbox-Panel\Checkbox-Radiobutton-Richtextbox-Groupbox-Panel.csproj", "{1B7F53A2-EC81-4684-8A22-C547CA966AC4}"
EndProject
Project("{FAE04EC0-301F-11D3-BF4B-00C04F79EFBC}") = "SampleProject-Login Paneli", "SampleProject-Login Paneli\SampleProject-Login Paneli.csproj", "{11D0D781-01C3-49C4-9E43-03081B520112}"
EndProject
Project("{FAE04EC0-301F-11D3-BF4B-00C04F79EFBC}") = "Airplane_Application", "Airplane_Application\Airplane_Application.csproj", "{807EA51F-88EE-42EE-AB52-667E6622D4A6}"
EndProject
Project("{FAE04EC0-301F-11D3-BF4B-00C04F79EFBC}") = "Variables_String", "Variables_String\Variables_String.csproj", "{626A020B-2C0F-4C66-987A-A7106A9054D8}"
EndProject
Project("{FAE04EC0-301F-11D3-BF4B-00C04F79EFBC}") = "Variables_Int", "Variables_Int\Variables_Int.csproj", "{ED1FFD58-4FD1-4962-A65F-331E20098668}"
EndProject
Project("{FAE04EC0-301F-11D3-BF4B-00C04F79EFBC}") = "Variables_Double", "Variables_Double\Variables_Double.csproj", "{68988481-8EC1-43B4-BC5C-CD248CB17B98}"
EndProject
Project("{FAE04EC0-301F-11D3-BF4B-00C04F79EFBC}") = "Variables_Char", "Variables_Char\Variables_Char.csproj", "{871C5A89-8E09-43BA-9299-99BA6CE875EA}"
EndProject
Project("{FAE04EC0-301F-11D3-BF4B-00C04F79EFBC}") = "Cinema_Buffet_Application", "Cinema_Buffet_Application\Cinema_Buffet_Application.csproj", "{194A4BD3-83CF-440C-9136-DB049735078D}"
EndProject
Global
	GlobalSection(SolutionConfigurationPlatforms) = preSolution
		Debug|Any CPU = Debug|Any CPU
		Release|Any CPU = Release|Any CPU
	EndGlobalSection
	GlobalSection(ProjectConfigurationPlatforms) = postSolution
		{B60CAFC4-FCD3-40D8-AB54-CD8209EE45CC}.Debug|Any CPU.ActiveCfg = Debug|Any CPU
		{B60CAFC4-FCD3-40D8-AB54-CD8209EE45CC}.Debug|Any CPU.Build.0 = Debug|Any CPU
		{B60CAFC4-FCD3-40D8-AB54-CD8209EE45CC}.Release|Any CPU.ActiveCfg = Release|Any CPU
		{B60CAFC4-FCD3-40D8-AB54-CD8209EE45CC}.Release|Any CPU.Build.0 = Release|Any CPU
		{90CACF44-AA66-45D4-9C71-3321EC21BF9B}.Debug|Any CPU.ActiveCfg = Debug|Any CPU
		{90CACF44-AA66-45D4-9C71-3321EC21BF9B}.Debug|Any CPU.Build.0 = Debug|Any CPU
		{90CACF44-AA66-45D4-9C71-3321EC21BF9B}.Release|Any CPU.ActiveCfg = Release|Any CPU
		{90CACF44-AA66-45D4-9C71-3321EC21BF9B}.Release|Any CPU.Build.0 = Release|Any CPU
		{32C6B166-CF6F-45AB-8A1F-3FA4BD067FD4}.Debug|Any CPU.ActiveCfg = Debug|Any CPU
		{32C6B166-CF6F-45AB-8A1F-3FA4BD067FD4}.Debug|Any CPU.Build.0 = Debug|Any CPU
		{32C6B166-CF6F-45AB-8A1F-3FA4BD067FD4}.Release|Any CPU.ActiveCfg = Release|Any CPU
		{32C6B166-CF6F-45AB-8A1F-3FA4BD067FD4}.Release|Any CPU.Build.0 = Release|Any CPU
		{1B7F53A2-EC81-4684-8A22-C547CA966AC4}.Debug|Any CPU.ActiveCfg = Debug|Any CPU
		{1B7F53A2-EC81-4684-8A22-C547CA966AC4}.Debug|Any CPU.Build.0 = Debug|Any CPU
		{1B7F53A2-EC81-4684-8A22-C547CA966AC4}.Release|Any CPU.ActiveCfg = Release|Any CPU
		{1B7F53A2-EC81-4684-8A22-C547CA966AC4}.Release|Any CPU.Build.0 = Release|Any CPU
		{11D0D781-01C3-49C4-9E43-03081B520112}.Debug|Any CPU.ActiveCfg = Debug|Any CPU
		{11D0D781-01C3-49C4-9E43-03081B520112}.Debug|Any CPU.Build.0 = Debug|Any CPU
		{11D0D781-01C3-49C4-9E43-03081B520112}.Release|Any CPU.ActiveCfg = Release|Any CPU
		{11D0D781-01C3-49C4-9E43-03081B520112}.Release|Any CPU.Build.0 = Release|Any CPU
		{807EA51F-88EE-42EE-AB52-667E6622D4A6}.Debug|Any CPU.ActiveCfg = Debug|Any CPU
		{807EA51F-88EE-42EE-AB52-667E6622D4A6}.Debug|Any CPU.Build.0 = Debug|Any CPU
		{807EA51F-88EE-42EE-AB52-667E6622D4A6}.Release|Any CPU.ActiveCfg = Release|Any CPU
		{807EA51F-88EE-42EE-AB52-667E6622D4A6}.Release|Any CPU.Build.0 = Release|Any CPU
		{626A020B-2C0F-4C66-987A-A7106A9054D8}.Debug|Any CPU.ActiveCfg = Debug|Any CPU
		{626A020B-2C0F-4C66-987A-A7106A9054D8}.Debug|Any CPU.Build.0 = Debug|Any CPU
		{626A020B-2C0F-4C66-987A-A7106A9054D8}.Release|Any CPU.ActiveCfg = Release|Any CPU
		{626A020B-2C0F-4C66-987A-A7106A9054D8}.Release|Any CPU.Build.0 = Release|Any CPU
		{ED1FFD58-4FD1-4962-A65F-331E20098668}.Debug|Any CPU.ActiveCfg = Debug|Any CPU
		{ED1FFD58-4FD1-4962-A65F-331E20098668}.Debug|Any CPU.Build.0 = Debug|Any CPU
		{ED1FFD58-4FD1-4962-A65F-331E20098668}.Release|Any CPU.ActiveCfg = Release|Any CPU
		{ED1FFD58-4FD1-4962-A65F-331E20098668}.Release|Any CPU.Build.0 = Release|Any CPU
		{68988481-8EC1-43B4-BC5C-CD248CB17B98}.Debug|Any CPU.ActiveCfg = Debug|Any CPU
		{68988481-8EC1-43B4-BC5C-CD248CB17B98}.Debug|Any CPU.Build.0 = Debug|Any CPU
		{68988481-8EC1-43B4-BC5C-CD248CB17B98}.Release|Any CPU.ActiveCfg = Release|Any CPU
		{68988481-8EC1-43B4-BC5C-CD248CB17B98}.Release|Any CPU.Build.0 = Release|Any CPU
		{871C5A89-8E09-43BA-9299-99BA6CE875EA}.Debug|Any CPU.ActiveCfg = Debug|Any CPU
		{871C5A89-8E09-43BA-9299-99BA6CE875EA}.Debug|Any CPU.Build.0 = Debug|Any CPU
		{871C5A89-8E09-43BA-9299-99BA6CE875EA}.Release|Any CPU.ActiveCfg = Release|Any CPU
		{871C5A89-8E09-43BA-9299-99BA6CE875EA}.Release|Any CPU.Build.0 = Release|Any CPU
		{194A4BD3-83CF-440C-9136-DB049735078D}.Debug|Any CPU.ActiveCfg = Debug|Any CPU
		{194A4BD3-83CF-440C-9136-DB049735078D}.Debug|Any CPU.Build.0 = Debug|Any CPU
		{194A4BD3-83CF-440C-9136-DB049735078D}.Release|Any CPU.ActiveCfg = Release|Any CPU
		{194A4BD3-83CF-440C-9136-DB049735078D}.Release|Any CPU.Build.0 = Release|Any CPU
	EndGlobalSection
	GlobalSection(SolutionProperties) = preSolution
		HideSolutionNode = FALSE
	EndGlobalSection
	GlobalSection(ExtensibilityGlobals) = postSolution
		SolutionGuid = {26C5B6F0-CB22-48FA-AA4F-B399B757CC07}
	EndGlobalSection
EndGlobal
